
Microsoft Visual Studio Solution File, Format Version 12.00
# Visual Studio Version 16
VisualStudioVersion = 16.0.31624.102
MinimumVisualStudioVersion = 10.0.40219.1
Project("{9A19103F-16F7-4668-BE54-9A1E7A4F7556}") = "WinFormsBase", "WinFormsBase\WinFormsBase.csproj", "{8E06DBD4-58A2-4BE8-B302-9AD9CA870345}"
EndProject
Project("{FAE04EC0-301F-11D3-BF4B-00C04F79EFBC}") = "DB_Test", "Test\DB_Test.csproj", "{7CD4FD95-28E8-4DD2-B396-6F137E1A3920}"
EndProject
Global
	GlobalSection(SolutionConfigurationPlatforms) = preSolution
		Debug|Any CPU = Debug|Any CPU
		Release|Any CPU = Release|Any CPU
	EndGlobalSection
	GlobalSection(ProjectConfigurationPlatforms) = postSolution
		{8E06DBD4-58A2-4BE8-B302-9AD9CA870345}.Debug|Any CPU.ActiveCfg = Debug|Any CPU
		{8E06DBD4-58A2-4BE8-B302-9AD9CA870345}.Debug|Any CPU.Build.0 = Debug|Any CPU
		{8E06DBD4-58A2-4BE8-B302-9AD9CA870345}.Release|Any CPU.ActiveCfg = Release|Any CPU
		{8E06DBD4-58A2-4BE8-B302-9AD9CA870345}.Release|Any CPU.Build.0 = Release|Any CPU
		{7CD4FD95-28E8-4DD2-B396-6F137E1A3920}.Debug|Any CPU.ActiveCfg = Debug|Any CPU
		{7CD4FD95-28E8-4DD2-B396-6F137E1A3920}.Debug|Any CPU.Build.0 = Debug|Any CPU
		{7CD4FD95-28E8-4DD2-B396-6F137E1A3920}.Release|Any CPU.ActiveCfg = Release|Any CPU
		{7CD4FD95-28E8-4DD2-B396-6F137E1A3920}.Release|Any CPU.Build.0 = Release|Any CPU
	EndGlobalSection
	GlobalSection(SolutionProperties) = preSolution
		HideSolutionNode = FALSE
	EndGlobalSection
	GlobalSection(ExtensibilityGlobals) = postSolution
		SolutionGuid = {C5929E8F-392C-4DD7-ACE2-E54090E01528}
	EndGlobalSection
EndGlobal
